
Microsoft Visual Studio Solution File, Format Version 12.00
# Visual Studio Version 16
VisualStudioVersion = 16.0.31702.278
MinimumVisualStudioVersion = 10.0.40219.1
Project("{FAE04EC0-301F-11D3-BF4B-00C04F79EFBC}") = "Pesq_Login", "Pesqueiro\Pesq_Login.csproj", "{BA790514-94F0-49CB-BD67-63023E88EB23}"
EndProject
Project("{FAE04EC0-301F-11D3-BF4B-00C04F79EFBC}") = "Pesq_Cadastro", "Pesq_Cadastro\Pesq_Cadastro.csproj", "{E078DD7E-3C4F-4B9B-AA75-DF3F8A59970F}"
EndProject
Project("{FAE04EC0-301F-11D3-BF4B-00C04F79EFBC}") = "Pesq_MenuPrincipal", "Pesq_MenuPrincipal\Pesq_MenuPrincipal.csproj", "{6D722347-4529-400E-83ED-7B74B98899B4}"
EndProject
Project("{FAE04EC0-301F-11D3-BF4B-00C04F79EFBC}") = "Pesq_Consulta", "Pesq_Consulta\Pesq_Consulta.csproj", "{DE8CE592-E52F-42BA-8621-57089A810CAC}"
EndProject
Project("{FAE04EC0-301F-11D3-BF4B-00C04F79EFBC}") = "Pesq_Financas", "Pesq_Financas\Pesq_Financas.csproj", "{F9587FF9-70EC-4F4B-9B71-6BFB9E976C43}"
EndProject
Project("{FAE04EC0-301F-11D3-BF4B-00C04F79EFBC}") = "Pesq_Caixa", "Pesq_Caixa\Pesq_Caixa.csproj", "{EE293ACA-4FC0-4696-AC41-1615035BF9BA}"
EndProject
Project("{FAE04EC0-301F-11D3-BF4B-00C04F79EFBC}") = "Pesq_Produto", "Pesq_Produto\Pesq_Produto.csproj", "{4DB213DC-F466-4D8C-8D82-B858379617FC}"
EndProject
Project("{FAE04EC0-301F-11D3-BF4B-00C04F79EFBC}") = "Pesq_Pedido", "Pesq_Pedido\Pesq_Pedido.csproj", "{CA838B4F-5EFC-4A2E-A1F8-6815590808D4}"
EndProject
Project("{FAE04EC0-301F-11D3-BF4B-00C04F79EFBC}") = "Pesq_Pesqueiro", "Pesq_Pesqueiro\Pesq_Pesqueiro.csproj", "{8094F415-E39E-4FEA-ACE4-DA7A89BBB8D6}"
EndProject
Project("{FAE04EC0-301F-11D3-BF4B-00C04F79EFBC}") = "Pesq_InserirComanda", "Pesq_Garcon\Pesq_InserirComanda.csproj", "{E5BA863E-AA76-43BD-B3BC-59118EBE012F}"
EndProject
Project("{2150E333-8FDC-42A3-9474-1A3956D46DE8}") = "Forms", "Forms", "{973F5A47-6F00-469D-BF16-2412299671C7}"
EndProject
Project("{2150E333-8FDC-42A3-9474-1A3956D46DE8}") = "Conexao ao BD", "Conexao ao BD", "{0D0FEF09-9D14-48E7-AA84-1E6E0A58DED3}"
EndProject
Project("{2150E333-8FDC-42A3-9474-1A3956D46DE8}") = "BLL", "BLL", "{CDB49DB1-2C86-4E03-BF63-6BF0F3561515}"
EndProject
Project("{2150E333-8FDC-42A3-9474-1A3956D46DE8}") = "DAL", "DAL", "{70DB0495-AF52-484F-9ABC-2FB68E535CB5}"
EndProject
Project("{FAE04EC0-301F-11D3-BF4B-00C04F79EFBC}") = "Objeto", "Objeto\Objeto.csproj", "{8ECA64FD-4153-4075-950E-4C236625F2AF}"
EndProject
Project("{FAE04EC0-301F-11D3-BF4B-00C04F79EFBC}") = "Pesq.DAL", "DAL\Pesq.DAL.csproj", "{13948957-2FA5-4287-949C-9DAF48C172D7}"
EndProject
Project("{FAE04EC0-301F-11D3-BF4B-00C04F79EFBC}") = "Pesq.BLL", "Pesq.BLL\Pesq.BLL.csproj", "{CEA0A784-D08C-4369-B727-223ABB0EC6E4}"
EndProject
Project("{2150E333-8FDC-42A3-9474-1A3956D46DE8}") = "Solution Items", "Solution Items", "{3AB46761-23C1-44C3-B2BE-C2691E785033}"
	ProjectSection(SolutionItems) = preProject
		.editorconfig = .editorconfig
	EndProjectSection
EndProject
Global
	GlobalSection(SolutionConfigurationPlatforms) = preSolution
		Debug|Any CPU = Debug|Any CPU
		Debug|Mixed Platforms = Debug|Mixed Platforms
		Debug|x86 = Debug|x86
		Release|Any CPU = Release|Any CPU
		Release|Mixed Platforms = Release|Mixed Platforms
		Release|x86 = Release|x86
	EndGlobalSection
	GlobalSection(ProjectConfigurationPlatforms) = postSolution
		{BA790514-94F0-49CB-BD67-63023E88EB23}.Debug|Any CPU.ActiveCfg = Debug|x86
		{BA790514-94F0-49CB-BD67-63023E88EB23}.Debug|Mixed Platforms.ActiveCfg = Debug|x86
		{BA790514-94F0-49CB-BD67-63023E88EB23}.Debug|Mixed Platforms.Build.0 = Debug|x86
		{BA790514-94F0-49CB-BD67-63023E88EB23}.Debug|x86.ActiveCfg = Debug|x86
		{BA790514-94F0-49CB-BD67-63023E88EB23}.Debug|x86.Build.0 = Debug|x86
		{BA790514-94F0-49CB-BD67-63023E88EB23}.Release|Any CPU.ActiveCfg = Release|x86
		{BA790514-94F0-49CB-BD67-63023E88EB23}.Release|Mixed Platforms.ActiveCfg = Release|x86
		{BA790514-94F0-49CB-BD67-63023E88EB23}.Release|Mixed Platforms.Build.0 = Release|x86
		{BA790514-94F0-49CB-BD67-63023E88EB23}.Release|x86.ActiveCfg = Release|x86
		{BA790514-94F0-49CB-BD67-63023E88EB23}.Release|x86.Build.0 = Release|x86
		{E078DD7E-3C4F-4B9B-AA75-DF3F8A59970F}.Debug|Any CPU.ActiveCfg = Debug|x86
		{E078DD7E-3C4F-4B9B-AA75-DF3F8A59970F}.Debug|Mixed Platforms.ActiveCfg = Debug|x86
		{E078DD7E-3C4F-4B9B-AA75-DF3F8A59970F}.Debug|Mixed Platforms.Build.0 = Debug|x86
		{E078DD7E-3C4F-4B9B-AA75-DF3F8A59970F}.Debug|x86.ActiveCfg = Debug|x86
		{E078DD7E-3C4F-4B9B-AA75-DF3F8A59970F}.Debug|x86.Build.0 = Debug|x86
		{E078DD7E-3C4F-4B9B-AA75-DF3F8A59970F}.Release|Any CPU.ActiveCfg = Release|x86
		{E078DD7E-3C4F-4B9B-AA75-DF3F8A59970F}.Release|Mixed Platforms.ActiveCfg = Release|x86
		{E078DD7E-3C4F-4B9B-AA75-DF3F8A59970F}.Release|Mixed Platforms.Build.0 = Release|x86
		{E078DD7E-3C4F-4B9B-AA75-DF3F8A59970F}.Release|x86.ActiveCfg = Release|x86
		{E078DD7E-3C4F-4B9B-AA75-DF3F8A59970F}.Release|x86.Build.0 = Release|x86
		{6D722347-4529-400E-83ED-7B74B98899B4}.Debug|Any CPU.ActiveCfg = Debug|x86
		{6D722347-4529-400E-83ED-7B74B98899B4}.Debug|Mixed Platforms.ActiveCfg = Debug|x86
		{6D722347-4529-400E-83ED-7B74B98899B4}.Debug|Mixed Platforms.Build.0 = Debug|x86
		{6D722347-4529-400E-83ED-7B74B98899B4}.Debug|x86.ActiveCfg = Debug|x86
		{6D722347-4529-400E-83ED-7B74B98899B4}.Debug|x86.Build.0 = Debug|x86
		{6D722347-4529-400E-83ED-7B74B98899B4}.Release|Any CPU.ActiveCfg = Release|x86
		{6D722347-4529-400E-83ED-7B74B98899B4}.Release|Mixed Platforms.ActiveCfg = Release|x86
		{6D722347-4529-400E-83ED-7B74B98899B4}.Release|Mixed Platforms.Build.0 = Release|x86
		{6D722347-4529-400E-83ED-7B74B98899B4}.Release|x86.ActiveCfg = Release|x86
		{6D722347-4529-400E-83ED-7B74B98899B4}.Release|x86.Build.0 = Release|x86
		{DE8CE592-E52F-42BA-8621-57089A810CAC}.Debug|Any CPU.ActiveCfg = Debug|x86
		{DE8CE592-E52F-42BA-8621-57089A810CAC}.Debug|Mixed Platforms.ActiveCfg = Debug|x86
		{DE8CE592-E52F-42BA-8621-57089A810CAC}.Debug|Mixed Platforms.Build.0 = Debug|x86
		{DE8CE592-E52F-42BA-8621-57089A810CAC}.Debug|x86.ActiveCfg = Debug|x86
		{DE8CE592-E52F-42BA-8621-57089A810CAC}.Debug|x86.Build.0 = Debug|x86
		{DE8CE592-E52F-42BA-8621-57089A810CAC}.Release|Any CPU.ActiveCfg = Release|x86
		{DE8CE592-E52F-42BA-8621-57089A810CAC}.Release|Mixed Platforms.ActiveCfg = Release|x86
		{DE8CE592-E52F-42BA-8621-57089A810CAC}.Release|Mixed Platforms.Build.0 = Release|x86
		{DE8CE592-E52F-42BA-8621-57089A810CAC}.Release|x86.ActiveCfg = Release|x86
		{DE8CE592-E52F-42BA-8621-57089A810CAC}.Release|x86.Build.0 = Release|x86
		{F9587FF9-70EC-4F4B-9B71-6BFB9E976C43}.Debug|Any CPU.ActiveCfg = Debug|x86
		{F9587FF9-70EC-4F4B-9B71-6BFB9E976C43}.Debug|Mixed Platforms.ActiveCfg = Debug|x86
		{F9587FF9-70EC-4F4B-9B71-6BFB9E976C43}.Debug|Mixed Platforms.Build.0 = Debug|x86
		{F9587FF9-70EC-4F4B-9B71-6BFB9E976C43}.Debug|x86.ActiveCfg = Debug|x86
		{F9587FF9-70EC-4F4B-9B71-6BFB9E976C43}.Debug|x86.Build.0 = Debug|x86
		{F9587FF9-70EC-4F4B-9B71-6BFB9E976C43}.Release|Any CPU.ActiveCfg = Release|x86
		{F9587FF9-70EC-4F4B-9B71-6BFB9E976C43}.Release|Mixed Platforms.ActiveCfg = Release|x86
		{F9587FF9-70EC-4F4B-9B71-6BFB9E976C43}.Release|Mixed Platforms.Build.0 = Release|x86
		{F9587FF9-70EC-4F4B-9B71-6BFB9E976C43}.Release|x86.ActiveCfg = Release|x86
		{F9587FF9-70EC-4F4B-9B71-6BFB9E976C43}.Release|x86.Build.0 = Release|x86
		{EE293ACA-4FC0-4696-AC41-1615035BF9BA}.Debug|Any CPU.ActiveCfg = Debug|x86
		{EE293ACA-4FC0-4696-AC41-1615035BF9BA}.Debug|Mixed Platforms.ActiveCfg = Debug|x86
		{EE293ACA-4FC0-4696-AC41-1615035BF9BA}.Debug|Mixed Platforms.Build.0 = Debug|x86
		{EE293ACA-4FC0-4696-AC41-1615035BF9BA}.Debug|x86.ActiveCfg = Debug|x86
		{EE293ACA-4FC0-4696-AC41-1615035BF9BA}.Debug|x86.Build.0 = Debug|x86
		{EE293ACA-4FC0-4696-AC41-1615035BF9BA}.Release|Any CPU.ActiveCfg = Release|x86
		{EE293ACA-4FC0-4696-AC41-1615035BF9BA}.Release|Mixed Platforms.ActiveCfg = Release|x86
		{EE293ACA-4FC0-4696-AC41-1615035BF9BA}.Release|Mixed Platforms.Build.0 = Release|x86
		{EE293ACA-4FC0-4696-AC41-1615035BF9BA}.Release|x86.ActiveCfg = Release|x86
		{EE293ACA-4FC0-4696-AC41-1615035BF9BA}.Release|x86.Build.0 = Release|x86
		{4DB213DC-F466-4D8C-8D82-B858379617FC}.Debug|Any CPU.ActiveCfg = Debug|x86
		{4DB213DC-F466-4D8C-8D82-B858379617FC}.Debug|Mixed Platforms.ActiveCfg = Debug|x86
		{4DB213DC-F466-4D8C-8D82-B858379617FC}.Debug|Mixed Platforms.Build.0 = Debug|x86
		{4DB213DC-F466-4D8C-8D82-B858379617FC}.Debug|x86.ActiveCfg = Debug|x86
		{4DB213DC-F466-4D8C-8D82-B858379617FC}.Debug|x86.Build.0 = Debug|x86
		{4DB213DC-F466-4D8C-8D82-B858379617FC}.Release|Any CPU.ActiveCfg = Release|x86
		{4DB213DC-F466-4D8C-8D82-B858379617FC}.Release|Mixed Platforms.ActiveCfg = Release|x86
		{4DB213DC-F466-4D8C-8D82-B858379617FC}.Release|Mixed Platforms.Build.0 = Release|x86
		{4DB213DC-F466-4D8C-8D82-B858379617FC}.Release|x86.ActiveCfg = Release|x86
		{4DB213DC-F466-4D8C-8D82-B858379617FC}.Release|x86.Build.0 = Release|x86
		{CA838B4F-5EFC-4A2E-A1F8-6815590808D4}.Debug|Any CPU.ActiveCfg = Debug|x86
		{CA838B4F-5EFC-4A2E-A1F8-6815590808D4}.Debug|Mixed Platforms.ActiveCfg = Debug|x86
		{CA838B4F-5EFC-4A2E-A1F8-6815590808D4}.Debug|Mixed Platforms.Build.0 = Debug|x86
		{CA838B4F-5EFC-4A2E-A1F8-6815590808D4}.Debug|x86.ActiveCfg = Debug|x86
		{CA838B4F-5EFC-4A2E-A1F8-6815590808D4}.Debug|x86.Build.0 = Debug|x86
		{CA838B4F-5EFC-4A2E-A1F8-6815590808D4}.Release|Any CPU.ActiveCfg = Release|x86
		{CA838B4F-5EFC-4A2E-A1F8-6815590808D4}.Release|Mixed Platforms.ActiveCfg = Release|x86
		{CA838B4F-5EFC-4A2E-A1F8-6815590808D4}.Release|Mixed Platforms.Build.0 = Release|x86
		{CA838B4F-5EFC-4A2E-A1F8-6815590808D4}.Release|x86.ActiveCfg = Release|x86
		{CA838B4F-5EFC-4A2E-A1F8-6815590808D4}.Release|x86.Build.0 = Release|x86
		{8094F415-E39E-4FEA-ACE4-DA7A89BBB8D6}.Debug|Any CPU.ActiveCfg = Debug|x86
		{8094F415-E39E-4FEA-ACE4-DA7A89BBB8D6}.Debug|Mixed Platforms.ActiveCfg = Debug|x86
		{8094F415-E39E-4FEA-ACE4-DA7A89BBB8D6}.Debug|Mixed Platforms.Build.0 = Debug|x86
		{8094F415-E39E-4FEA-ACE4-DA7A89BBB8D6}.Debug|x86.ActiveCfg = Debug|x86
		{8094F415-E39E-4FEA-ACE4-DA7A89BBB8D6}.Debug|x86.Build.0 = Debug|x86
		{8094F415-E39E-4FEA-ACE4-DA7A89BBB8D6}.Release|Any CPU.ActiveCfg = Release|x86
		{8094F415-E39E-4FEA-ACE4-DA7A89BBB8D6}.Release|Mixed Platforms.ActiveCfg = Release|x86
		{8094F415-E39E-4FEA-ACE4-DA7A89BBB8D6}.Release|Mixed Platforms.Build.0 = Release|x86
		{8094F415-E39E-4FEA-ACE4-DA7A89BBB8D6}.Release|x86.ActiveCfg = Release|x86
		{8094F415-E39E-4FEA-ACE4-DA7A89BBB8D6}.Release|x86.Build.0 = Release|x86
		{E5BA863E-AA76-43BD-B3BC-59118EBE012F}.Debug|Any CPU.ActiveCfg = Debug|x86
		{E5BA863E-AA76-43BD-B3BC-59118EBE012F}.Debug|Mixed Platforms.ActiveCfg = Debug|x86
		{E5BA863E-AA76-43BD-B3BC-59118EBE012F}.Debug|Mixed Platforms.Build.0 = Debug|x86
		{E5BA863E-AA76-43BD-B3BC-59118EBE012F}.Debug|x86.ActiveCfg = Debug|x86
		{E5BA863E-AA76-43BD-B3BC-59118EBE012F}.Debug|x86.Build.0 = Debug|x86
		{E5BA863E-AA76-43BD-B3BC-59118EBE012F}.Release|Any CPU.ActiveCfg = Release|x86
		{E5BA863E-AA76-43BD-B3BC-59118EBE012F}.Release|Mixed Platforms.ActiveCfg = Release|x86
		{E5BA863E-AA76-43BD-B3BC-59118EBE012F}.Release|Mixed Platforms.Build.0 = Release|x86
		{E5BA863E-AA76-43BD-B3BC-59118EBE012F}.Release|x86.ActiveCfg = Release|x86
		{E5BA863E-AA76-43BD-B3BC-59118EBE012F}.Release|x86.Build.0 = Release|x86
		{8ECA64FD-4153-4075-950E-4C236625F2AF}.Debug|Any CPU.ActiveCfg = Debug|Any CPU
		{8ECA64FD-4153-4075-950E-4C236625F2AF}.Debug|Any CPU.Build.0 = Debug|Any CPU
		{8ECA64FD-4153-4075-950E-4C236625F2AF}.Debug|Mixed Platforms.ActiveCfg = Debug|Any CPU
		{8ECA64FD-4153-4075-950E-4C236625F2AF}.Debug|Mixed Platforms.Build.0 = Debug|Any CPU
		{8ECA64FD-4153-4075-950E-4C236625F2AF}.Debug|x86.ActiveCfg = Debug|Any CPU
		{8ECA64FD-4153-4075-950E-4C236625F2AF}.Release|Any CPU.ActiveCfg = Release|Any CPU
		{8ECA64FD-4153-4075-950E-4C236625F2AF}.Release|Any CPU.Build.0 = Release|Any CPU
		{8ECA64FD-4153-4075-950E-4C236625F2AF}.Release|Mixed Platforms.ActiveCfg = Release|Any CPU
		{8ECA64FD-4153-4075-950E-4C236625F2AF}.Release|Mixed Platforms.Build.0 = Release|Any CPU
		{8ECA64FD-4153-4075-950E-4C236625F2AF}.Release|x86.ActiveCfg = Release|Any CPU
		{13948957-2FA5-4287-949C-9DAF48C172D7}.Debug|Any CPU.ActiveCfg = Debug|Any CPU
		{13948957-2FA5-4287-949C-9DAF48C172D7}.Debug|Any CPU.Build.0 = Debug|Any CPU
		{13948957-2FA5-4287-949C-9DAF48C172D7}.Debug|Mixed Platforms.ActiveCfg = Debug|Any CPU
		{13948957-2FA5-4287-949C-9DAF48C172D7}.Debug|Mixed Platforms.Build.0 = Debug|Any CPU
		{13948957-2FA5-4287-949C-9DAF48C172D7}.Debug|x86.ActiveCfg = Debug|Any CPU
		{13948957-2FA5-4287-949C-9DAF48C172D7}.Release|Any CPU.ActiveCfg = Release|Any CPU
		{13948957-2FA5-4287-949C-9DAF48C172D7}.Release|Any CPU.Build.0 = Release|Any CPU
		{13948957-2FA5-4287-949C-9DAF48C172D7}.Release|Mixed Platforms.ActiveCfg = Release|Any CPU
		{13948957-2FA5-4287-949C-9DAF48C172D7}.Release|Mixed Platforms.Build.0 = Release|Any CPU
		{13948957-2FA5-4287-949C-9DAF48C172D7}.Release|x86.ActiveCfg = Release|Any CPU
		{CEA0A784-D08C-4369-B727-223ABB0EC6E4}.Debug|Any CPU.ActiveCfg = Debug|Any CPU
		{CEA0A784-D08C-4369-B727-223ABB0EC6E4}.Debug|Any CPU.Build.0 = Debug|Any CPU
		{CEA0A784-D08C-4369-B727-223ABB0EC6E4}.Debug|Mixed Platforms.ActiveCfg = Debug|Any CPU
		{CEA0A784-D08C-4369-B727-223ABB0EC6E4}.Debug|Mixed Platforms.Build.0 = Debug|Any CPU
		{CEA0A784-D08C-4369-B727-223ABB0EC6E4}.Debug|x86.ActiveCfg = Debug|Any CPU
		{CEA0A784-D08C-4369-B727-223ABB0EC6E4}.Release|Any CPU.ActiveCfg = Release|Any CPU
		{CEA0A784-D08C-4369-B727-223ABB0EC6E4}.Release|Any CPU.Build.0 = Release|Any CPU
		{CEA0A784-D08C-4369-B727-223ABB0EC6E4}.Release|Mixed Platforms.ActiveCfg = Release|Any CPU
		{CEA0A784-D08C-4369-B727-223ABB0EC6E4}.Release|Mixed Platforms.Build.0 = Release|Any CPU
		{CEA0A784-D08C-4369-B727-223ABB0EC6E4}.Release|x86.ActiveCfg = Release|Any CPU
	EndGlobalSection
	GlobalSection(SolutionProperties) = preSolution
		HideSolutionNode = FALSE
	EndGlobalSection
	GlobalSection(NestedProjects) = preSolution
		{BA790514-94F0-49CB-BD67-63023E88EB23} = {973F5A47-6F00-469D-BF16-2412299671C7}
		{E078DD7E-3C4F-4B9B-AA75-DF3F8A59970F} = {973F5A47-6F00-469D-BF16-2412299671C7}
		{6D722347-4529-400E-83ED-7B74B98899B4} = {973F5A47-6F00-469D-BF16-2412299671C7}
		{DE8CE592-E52F-42BA-8621-57089A810CAC} = {973F5A47-6F00-469D-BF16-2412299671C7}
		{F9587FF9-70EC-4F4B-9B71-6BFB9E976C43} = {973F5A47-6F00-469D-BF16-2412299671C7}
		{EE293ACA-4FC0-4696-AC41-1615035BF9BA} = {973F5A47-6F00-469D-BF16-2412299671C7}
		{4DB213DC-F466-4D8C-8D82-B858379617FC} = {973F5A47-6F00-469D-BF16-2412299671C7}
		{CA838B4F-5EFC-4A2E-A1F8-6815590808D4} = {973F5A47-6F00-469D-BF16-2412299671C7}
		{8094F415-E39E-4FEA-ACE4-DA7A89BBB8D6} = {973F5A47-6F00-469D-BF16-2412299671C7}
		{E5BA863E-AA76-43BD-B3BC-59118EBE012F} = {973F5A47-6F00-469D-BF16-2412299671C7}
		{CDB49DB1-2C86-4E03-BF63-6BF0F3561515} = {0D0FEF09-9D14-48E7-AA84-1E6E0A58DED3}
		{70DB0495-AF52-484F-9ABC-2FB68E535CB5} = {0D0FEF09-9D14-48E7-AA84-1E6E0A58DED3}
		{8ECA64FD-4153-4075-950E-4C236625F2AF} = {973F5A47-6F00-469D-BF16-2412299671C7}
		{13948957-2FA5-4287-949C-9DAF48C172D7} = {70DB0495-AF52-484F-9ABC-2FB68E535CB5}
		{CEA0A784-D08C-4369-B727-223ABB0EC6E4} = {CDB49DB1-2C86-4E03-BF63-6BF0F3561515}
	EndGlobalSection
	GlobalSection(ExtensibilityGlobals) = postSolution
		SolutionGuid = {0CD906FE-0D6B-46A3-BEA2-E6B2D642E0AC}
	EndGlobalSection
EndGlobal
